// !$*UTF8*$!
{
	archiveVersion = 1;
	classes = {
	};
	objectVersion = 56;
	objects = {

/* Begin PBXBuildFile section */
		A9322BFF2C7F31CA0055E6C7 /* MovieAppApp.swift in Sources */ = {isa = PBXBuildFile; fileRef = A9322BFE2C7F31CA0055E6C7 /* MovieAppApp.swift */; };
		A9322C012C7F31CA0055E6C7 /* ContentView.swift in Sources */ = {isa = PBXBuildFile; fileRef = A9322C002C7F31CA0055E6C7 /* ContentView.swift */; };
		A9322C032C7F31CC0055E6C7 /* Assets.xcassets in Resources */ = {isa = PBXBuildFile; fileRef = A9322C022C7F31CC0055E6C7 /* Assets.xcassets */; };
		A9322C062C7F31CC0055E6C7 /* Preview Assets.xcassets in Resources */ = {isa = PBXBuildFile; fileRef = A9322C052C7F31CC0055E6C7 /* Preview Assets.xcassets */; };
		A9322C0D2C7F358B0055E6C7 /* Film.swift in Sources */ = {isa = PBXBuildFile; fileRef = A9322C0C2C7F358B0055E6C7 /* Film.swift */; };
		A9322C0F2C7F4F7F0055E6C7 /* DownloaderClient.swift in Sources */ = {isa = PBXBuildFile; fileRef = A9322C0E2C7F4F7E0055E6C7 /* DownloaderClient.swift */; };
		A9322C112C8054C60055E6C7 /* FilmViewModel.swift in Sources */ = {isa = PBXBuildFile; fileRef = A9322C102C8054C60055E6C7 /* FilmViewModel.swift */; };
		A9322C132C8060AD0055E6C7 /* FilmListView.swift in Sources */ = {isa = PBXBuildFile; fileRef = A9322C122C8060AD0055E6C7 /* FilmListView.swift */; };
		A9322C162C8088580055E6C7 /* ImageDownloaderClient.swift in Sources */ = {isa = PBXBuildFile; fileRef = A9322C152C8088580055E6C7 /* ImageDownloaderClient.swift */; };
		A9322C182C808FA40055E6C7 /* CustomImageView.swift in Sources */ = {isa = PBXBuildFile; fileRef = A9322C172C808FA40055E6C7 /* CustomImageView.swift */; };
		A9CFAD742C87396600B25B99 /* MovieMenuViewModel.swift in Sources */ = {isa = PBXBuildFile; fileRef = A9CFAD732C87396600B25B99 /* MovieMenuViewModel.swift */; };
		A9E130732C80BCBC001A8EEA /* FilmDetails.swift in Sources */ = {isa = PBXBuildFile; fileRef = A9E130722C80BCBC001A8EEA /* FilmDetails.swift */; };
		A9E130792C85B59A001A8EEA /* FilmDetailsViewModel.swift in Sources */ = {isa = PBXBuildFile; fileRef = A9E130782C85B59A001A8EEA /* FilmDetailsViewModel.swift */; };
		A9E1307B2C85D2EB001A8EEA /* DetailView.swift in Sources */ = {isa = PBXBuildFile; fileRef = A9E1307A2C85D2EB001A8EEA /* DetailView.swift */; };
		A9E1307D2C86F6A0001A8EEA /* MainView.swift in Sources */ = {isa = PBXBuildFile; fileRef = A9E1307C2C86F6A0001A8EEA /* MainView.swift */; };
		A9E1307F2C86F81C001A8EEA /* MovieMenuView.swift in Sources */ = {isa = PBXBuildFile; fileRef = A9E1307E2C86F81C001A8EEA /* MovieMenuView.swift */; };
/* End PBXBuildFile section */

/* Begin PBXFileReference section */
		A9322BFB2C7F31CA0055E6C7 /* MovieApp.app */ = {isa = PBXFileReference; explicitFileType = wrapper.application; includeInIndex = 0; path = MovieApp.app; sourceTree = BUILT_PRODUCTS_DIR; };
		A9322BFE2C7F31CA0055E6C7 /* MovieAppApp.swift */ = {isa = PBXFileReference; lastKnownFileType = sourcecode.swift; path = MovieAppApp.swift; sourceTree = "<group>"; };
		A9322C002C7F31CA0055E6C7 /* ContentView.swift */ = {isa = PBXFileReference; lastKnownFileType = sourcecode.swift; path = ContentView.swift; sourceTree = "<group>"; };
		A9322C022C7F31CC0055E6C7 /* Assets.xcassets */ = {isa = PBXFileReference; lastKnownFileType = folder.assetcatalog; path = Assets.xcassets; sourceTree = "<group>"; };
		A9322C052C7F31CC0055E6C7 /* Preview Assets.xcassets */ = {isa = PBXFileReference; lastKnownFileType = folder.assetcatalog; path = "Preview Assets.xcassets"; sourceTree = "<group>"; };
		A9322C0C2C7F358B0055E6C7 /* Film.swift */ = {isa = PBXFileReference; lastKnownFileType = sourcecode.swift; path = Film.swift; sourceTree = "<group>"; };
		A9322C0E2C7F4F7E0055E6C7 /* DownloaderClient.swift */ = {isa = PBXFileReference; lastKnownFileType = sourcecode.swift; path = DownloaderClient.swift; sourceTree = "<group>"; };
		A9322C102C8054C60055E6C7 /* FilmViewModel.swift */ = {isa = PBXFileReference; lastKnownFileType = sourcecode.swift; path = FilmViewModel.swift; sourceTree = "<group>"; };
		A9322C122C8060AD0055E6C7 /* FilmListView.swift */ = {isa = PBXFileReference; lastKnownFileType = sourcecode.swift; path = FilmListView.swift; sourceTree = "<group>"; };
		A9322C152C8088580055E6C7 /* ImageDownloaderClient.swift */ = {isa = PBXFileReference; lastKnownFileType = sourcecode.swift; path = ImageDownloaderClient.swift; sourceTree = "<group>"; };
		A9322C172C808FA40055E6C7 /* CustomImageView.swift */ = {isa = PBXFileReference; lastKnownFileType = sourcecode.swift; path = CustomImageView.swift; sourceTree = "<group>"; };
		A9CFAD732C87396600B25B99 /* MovieMenuViewModel.swift */ = {isa = PBXFileReference; lastKnownFileType = sourcecode.swift; path = MovieMenuViewModel.swift; sourceTree = "<group>"; };
		A9E130722C80BCBC001A8EEA /* FilmDetails.swift */ = {isa = PBXFileReference; lastKnownFileType = sourcecode.swift; path = FilmDetails.swift; sourceTree = "<group>"; };
		A9E130782C85B59A001A8EEA /* FilmDetailsViewModel.swift */ = {isa = PBXFileReference; lastKnownFileType = sourcecode.swift; path = FilmDetailsViewModel.swift; sourceTree = "<group>"; };
		A9E1307A2C85D2EB001A8EEA /* DetailView.swift */ = {isa = PBXFileReference; lastKnownFileType = sourcecode.swift; path = DetailView.swift; sourceTree = "<group>"; };
		A9E1307C2C86F6A0001A8EEA /* MainView.swift */ = {isa = PBXFileReference; lastKnownFileType = sourcecode.swift; path = MainView.swift; sourceTree = "<group>"; };
		A9E1307E2C86F81C001A8EEA /* MovieMenuView.swift */ = {isa = PBXFileReference; lastKnownFileType = sourcecode.swift; path = MovieMenuView.swift; sourceTree = "<group>"; };
/* End PBXFileReference section */

/* Begin PBXFrameworksBuildPhase section */
		A9322BF82C7F31CA0055E6C7 /* Frameworks */ = {
			isa = PBXFrameworksBuildPhase;
			buildActionMask = 2147483647;
			files = (
			);
			runOnlyForDeploymentPostprocessing = 0;
		};
/* End PBXFrameworksBuildPhase section */

/* Begin PBXGroup section */
		A9322BF22C7F31CA0055E6C7 = {
			isa = PBXGroup;
			children = (
				A9322BFD2C7F31CA0055E6C7 /* MovieApp */,
				A9322BFC2C7F31CA0055E6C7 /* Products */,
			);
			sourceTree = "<group>";
		};
		A9322BFC2C7F31CA0055E6C7 /* Products */ = {
			isa = PBXGroup;
			children = (
				A9322BFB2C7F31CA0055E6C7 /* MovieApp.app */,
			);
			name = Products;
			sourceTree = "<group>";
		};
		A9322BFD2C7F31CA0055E6C7 /* MovieApp */ = {
			isa = PBXGroup;
			children = (
				A9322C142C8086000055E6C7 /* Service */,
				A9E130742C85B4AC001A8EEA /* App */,
				A9E130752C85B4C3001A8EEA /* View */,
				A9E130772C85B4EC001A8EEA /* ViewModel */,
				A9E130762C85B4DA001A8EEA /* Model */,
				A9322C022C7F31CC0055E6C7 /* Assets.xcassets */,
				A9322C042C7F31CC0055E6C7 /* Preview Content */,
			);
			path = MovieApp;
			sourceTree = "<group>";
		};
		A9322C042C7F31CC0055E6C7 /* Preview Content */ = {
			isa = PBXGroup;
			children = (
				A9322C052C7F31CC0055E6C7 /* Preview Assets.xcassets */,
			);
			path = "Preview Content";
			sourceTree = "<group>";
		};
		A9322C142C8086000055E6C7 /* Service */ = {
			isa = PBXGroup;
			children = (
				A9322C0E2C7F4F7E0055E6C7 /* DownloaderClient.swift */,
				A9322C152C8088580055E6C7 /* ImageDownloaderClient.swift */,
			);
			path = Service;
			sourceTree = "<group>";
		};
		A9E130742C85B4AC001A8EEA /* App */ = {
			isa = PBXGroup;
			children = (
				A9322C002C7F31CA0055E6C7 /* ContentView.swift */,
				A9322BFE2C7F31CA0055E6C7 /* MovieAppApp.swift */,
			);
			path = App;
			sourceTree = "<group>";
		};
		A9E130752C85B4C3001A8EEA /* View */ = {
			isa = PBXGroup;
			children = (
				A9322C172C808FA40055E6C7 /* CustomImageView.swift */,
				A9322C122C8060AD0055E6C7 /* FilmListView.swift */,
				A9E1307A2C85D2EB001A8EEA /* DetailView.swift */,
				A9E1307C2C86F6A0001A8EEA /* MainView.swift */,
				A9E1307E2C86F81C001A8EEA /* MovieMenuView.swift */,
			);
			path = View;
			sourceTree = "<group>";
		};
		A9E130762C85B4DA001A8EEA /* Model */ = {
			isa = PBXGroup;
			children = (
				A9E130722C80BCBC001A8EEA /* FilmDetails.swift */,
				A9322C0C2C7F358B0055E6C7 /* Film.swift */,
			);
			path = Model;
			sourceTree = "<group>";
		};
		A9E130772C85B4EC001A8EEA /* ViewModel */ = {
			isa = PBXGroup;
			children = (
				A9322C102C8054C60055E6C7 /* FilmViewModel.swift */,
				A9E130782C85B59A001A8EEA /* FilmDetailsViewModel.swift */,
				A9CFAD732C87396600B25B99 /* MovieMenuViewModel.swift */,
			);
			path = ViewModel;
			sourceTree = "<group>";
		};
/* End PBXGroup section */

/* Begin PBXNativeTarget section */
		A9322BFA2C7F31CA0055E6C7 /* MovieApp */ = {
			isa = PBXNativeTarget;
			buildConfigurationList = A9322C092C7F31CC0055E6C7 /* Build configuration list for PBXNativeTarget "MovieApp" */;
			buildPhases = (
				A9322BF72C7F31CA0055E6C7 /* Sources */,
				A9322BF82C7F31CA0055E6C7 /* Frameworks */,
				A9322BF92C7F31CA0055E6C7 /* Resources */,
			);
			buildRules = (
			);
			dependencies = (
			);
			name = MovieApp;
			productName = MovieApp;
			productReference = A9322BFB2C7F31CA0055E6C7 /* MovieApp.app */;
			productType = "com.apple.product-type.application";
		};
/* End PBXNativeTarget section */

/* Begin PBXProject section */
		A9322BF32C7F31CA0055E6C7 /* Project object */ = {
			isa = PBXProject;
			attributes = {
				BuildIndependentTargetsInParallel = 1;
				LastSwiftUpdateCheck = 1540;
				LastUpgradeCheck = 1540;
				TargetAttributes = {
					A9322BFA2C7F31CA0055E6C7 = {
						CreatedOnToolsVersion = 15.4;
					};
				};
			};
			buildConfigurationList = A9322BF62C7F31CA0055E6C7 /* Build configuration list for PBXProject "MovieApp" */;
			compatibilityVersion = "Xcode 14.0";
			developmentRegion = en;
			hasScannedForEncodings = 0;
			knownRegions = (
				en,
				Base,
			);
			mainGroup = A9322BF22C7F31CA0055E6C7;
			productRefGroup = A9322BFC2C7F31CA0055E6C7 /* Products */;
			projectDirPath = "";
			projectRoot = "";
			targets = (
				A9322BFA2C7F31CA0055E6C7 /* MovieApp */,
			);
		};
/* End PBXProject section */

/* Begin PBXResourcesBuildPhase section */
		A9322BF92C7F31CA0055E6C7 /* Resources */ = {
			isa = PBXResourcesBuildPhase;
			buildActionMask = 2147483647;
			files = (
				A9322C062C7F31CC0055E6C7 /* Preview Assets.xcassets in Resources */,
				A9322C032C7F31CC0055E6C7 /* Assets.xcassets in Resources */,
			);
			runOnlyForDeploymentPostprocessing = 0;
		};
/* End PBXResourcesBuildPhase section */

/* Begin PBXSourcesBuildPhase section */
		A9322BF72C7F31CA0055E6C7 /* Sources */ = {
			isa = PBXSourcesBuildPhase;
			buildActionMask = 2147483647;
			files = (
				A9E1307F2C86F81C001A8EEA /* MovieMenuView.swift in Sources */,
				A9322C132C8060AD0055E6C7 /* FilmListView.swift in Sources */,
				A9E1307D2C86F6A0001A8EEA /* MainView.swift in Sources */,
				A9E130792C85B59A001A8EEA /* FilmDetailsViewModel.swift in Sources */,
				A9322C182C808FA40055E6C7 /* CustomImageView.swift in Sources */,
				A9322C012C7F31CA0055E6C7 /* ContentView.swift in Sources */,
				A9322C0D2C7F358B0055E6C7 /* Film.swift in Sources */,
				A9E1307B2C85D2EB001A8EEA /* DetailView.swift in Sources */,
				A9322C162C8088580055E6C7 /* ImageDownloaderClient.swift in Sources */,
				A9322C112C8054C60055E6C7 /* FilmViewModel.swift in Sources */,
				A9CFAD742C87396600B25B99 /* MovieMenuViewModel.swift in Sources */,
				A9322BFF2C7F31CA0055E6C7 /* MovieAppApp.swift in Sources */,
				A9322C0F2C7F4F7F0055E6C7 /* DownloaderClient.swift in Sources */,
				A9E130732C80BCBC001A8EEA /* FilmDetails.swift in Sources */,
			);
			runOnlyForDeploymentPostprocessing = 0;
		};
/* End PBXSourcesBuildPhase section */

/* Begin XCBuildConfiguration section */
		A9322C072C7F31CC0055E6C7 /* Debug */ = {
			isa = XCBuildConfiguration;
			buildSettings = {
				ALWAYS_SEARCH_USER_PATHS = NO;
				ASSETCATALOG_COMPILER_GENERATE_SWIFT_ASSET_SYMBOL_EXTENSIONS = YES;
				CLANG_ANALYZER_NONNULL = YES;
				CLANG_ANALYZER_NUMBER_OBJECT_CONVERSION = YES_AGGRESSIVE;
				CLANG_CXX_LANGUAGE_STANDARD = "gnu++20";
				CLANG_ENABLE_MODULES = YES;
				CLANG_ENABLE_OBJC_ARC = YES;
				CLANG_ENABLE_OBJC_WEAK = YES;
				CLANG_WARN_BLOCK_CAPTURE_AUTORELEASING = YES;
				CLANG_WARN_BOOL_CONVERSION = YES;
				CLANG_WARN_COMMA = YES;
				CLANG_WARN_CONSTANT_CONVERSION = YES;
				CLANG_WARN_DEPRECATED_OBJC_IMPLEMENTATIONS = YES;
				CLANG_WARN_DIRECT_OBJC_ISA_USAGE = YES_ERROR;
				CLANG_WARN_DOCUMENTATION_COMMENTS = YES;
				CLANG_WARN_EMPTY_BODY = YES;
				CLANG_WARN_ENUM_CONVERSION = YES;
				CLANG_WARN_INFINITE_RECURSION = YES;
				CLANG_WARN_INT_CONVERSION = YES;
				CLANG_WARN_NON_LITERAL_NULL_CONVERSION = YES;
				CLANG_WARN_OBJC_IMPLICIT_RETAIN_SELF = YES;
				CLANG_WARN_OBJC_LITERAL_CONVERSION = YES;
				CLANG_WARN_OBJC_ROOT_CLASS = YES_ERROR;
				CLANG_WARN_QUOTED_INCLUDE_IN_FRAMEWORK_HEADER = YES;
				CLANG_WARN_RANGE_LOOP_ANALYSIS = YES;
				CLANG_WARN_STRICT_PROTOTYPES = YES;
				CLANG_WARN_SUSPICIOUS_MOVE = YES;
				CLANG_WARN_UNGUARDED_AVAILABILITY = YES_AGGRESSIVE;
				CLANG_WARN_UNREACHABLE_CODE = YES;
				CLANG_WARN__DUPLICATE_METHOD_MATCH = YES;
				COPY_PHASE_STRIP = NO;
				DEBUG_INFORMATION_FORMAT = dwarf;
				ENABLE_STRICT_OBJC_MSGSEND = YES;
				ENABLE_TESTABILITY = YES;
				ENABLE_USER_SCRIPT_SANDBOXING = YES;
				GCC_C_LANGUAGE_STANDARD = gnu17;
				GCC_DYNAMIC_NO_PIC = NO;
				GCC_NO_COMMON_BLOCKS = YES;
				GCC_OPTIMIZATION_LEVEL = 0;
				GCC_PREPROCESSOR_DEFINITIONS = (
					"DEBUG=1",
					"$(inherited)",
				);
				GCC_WARN_64_TO_32_BIT_CONVERSION = YES;
				GCC_WARN_ABOUT_RETURN_TYPE = YES_ERROR;
				GCC_WARN_UNDECLARED_SELECTOR = YES;
				GCC_WARN_UNINITIALIZED_AUTOS = YES_AGGRESSIVE;
				GCC_WARN_UNUSED_FUNCTION = YES;
				GCC_WARN_UNUSED_VARIABLE = YES;
				IPHONEOS_DEPLOYMENT_TARGET = 17.5;
				LOCALIZATION_PREFERS_STRING_CATALOGS = YES;
				MTL_ENABLE_DEBUG_INFO = INCLUDE_SOURCE;
				MTL_FAST_MATH = YES;
				ONLY_ACTIVE_ARCH = YES;
				SDKROOT = iphoneos;
				SWIFT_ACTIVE_COMPILATION_CONDITIONS = "DEBUG $(inherited)";
				SWIFT_OPTIMIZATION_LEVEL = "-Onone";
			};
			name = Debug;
		};
		A9322C082C7F31CC0055E6C7 /* Release */ = {
			isa = XCBuildConfiguration;
			buildSettings = {
				ALWAYS_SEARCH_USER_PATHS = NO;
				ASSETCATALOG_COMPILER_GENERATE_SWIFT_ASSET_SYMBOL_EXTENSIONS = YES;
				CLANG_ANALYZER_NONNULL = YES;
				CLANG_ANALYZER_NUMBER_OBJECT_CONVERSION = YES_AGGRESSIVE;
				CLANG_CXX_LANGUAGE_STANDARD = "gnu++20";
				CLANG_ENABLE_MODULES = YES;
				CLANG_ENABLE_OBJC_ARC = YES;
				CLANG_ENABLE_OBJC_WEAK = YES;
				CLANG_WARN_BLOCK_CAPTURE_AUTORELEASING = YES;
				CLANG_WARN_BOOL_CONVERSION = YES;
				CLANG_WARN_COMMA = YES;
				CLANG_WARN_CONSTANT_CONVERSION = YES;
				CLANG_WARN_DEPRECATED_OBJC_IMPLEMENTATIONS = YES;
				CLANG_WARN_DIRECT_OBJC_ISA_USAGE = YES_ERROR;
				CLANG_WARN_DOCUMENTATION_COMMENTS = YES;
				CLANG_WARN_EMPTY_BODY = YES;
				CLANG_WARN_ENUM_CONVERSION = YES;
				CLANG_WARN_INFINITE_RECURSION = YES;
				CLANG_WARN_INT_CONVERSION = YES;
				CLANG_WARN_NON_LITERAL_NULL_CONVERSION = YES;
				CLANG_WARN_OBJC_IMPLICIT_RETAIN_SELF = YES;
				CLANG_WARN_OBJC_LITERAL_CONVERSION = YES;
				CLANG_WARN_OBJC_ROOT_CLASS = YES_ERROR;
				CLANG_WARN_QUOTED_INCLUDE_IN_FRAMEWORK_HEADER = YES;
				CLANG_WARN_RANGE_LOOP_ANALYSIS = YES;
				CLANG_WARN_STRICT_PROTOTYPES = YES;
				CLANG_WARN_SUSPICIOUS_MOVE = YES;
				CLANG_WARN_UNGUARDED_AVAILABILITY = YES_AGGRESSIVE;
				CLANG_WARN_UNREACHABLE_CODE = YES;
				CLANG_WARN__DUPLICATE_METHOD_MATCH = YES;
				COPY_PHASE_STRIP = NO;
				DEBUG_INFORMATION_FORMAT = "dwarf-with-dsym";
				ENABLE_NS_ASSERTIONS = NO;
				ENABLE_STRICT_OBJC_MSGSEND = YES;
				ENABLE_USER_SCRIPT_SANDBOXING = YES;
				GCC_C_LANGUAGE_STANDARD = gnu17;
				GCC_NO_COMMON_BLOCKS = YES;
				GCC_WARN_64_TO_32_BIT_CONVERSION = YES;
				GCC_WARN_ABOUT_RETURN_TYPE = YES_ERROR;
				GCC_WARN_UNDECLARED_SELECTOR = YES;
				GCC_WARN_UNINITIALIZED_AUTOS = YES_AGGRESSIVE;
				GCC_WARN_UNUSED_FUNCTION = YES;
				GCC_WARN_UNUSED_VARIABLE = YES;
				IPHONEOS_DEPLOYMENT_TARGET = 17.5;
				LOCALIZATION_PREFERS_STRING_CATALOGS = YES;
				MTL_ENABLE_DEBUG_INFO = NO;
				MTL_FAST_MATH = YES;
				SDKROOT = iphoneos;
				SWIFT_COMPILATION_MODE = wholemodule;
				VALIDATE_PRODUCT = YES;
			};
			name = Release;
		};
		A9322C0A2C7F31CC0055E6C7 /* Debug */ = {
			isa = XCBuildConfiguration;
			buildSettings = {
				ASSETCATALOG_COMPILER_APPICON_NAME = AppIcon;
				ASSETCATALOG_COMPILER_GLOBAL_ACCENT_COLOR_NAME = AccentColor;
				CODE_SIGN_STYLE = Automatic;
				CURRENT_PROJECT_VERSION = 1;
				DEVELOPMENT_ASSET_PATHS = "\"MovieApp/Preview Content\"";
				DEVELOPMENT_TEAM = 992MR6GDH5;
				ENABLE_PREVIEWS = YES;
				GENERATE_INFOPLIST_FILE = YES;
				INFOPLIST_KEY_UIApplicationSceneManifest_Generation = YES;
				INFOPLIST_KEY_UIApplicationSupportsIndirectInputEvents = YES;
				INFOPLIST_KEY_UILaunchScreen_Generation = YES;
				INFOPLIST_KEY_UISupportedInterfaceOrientations_iPad = "UIInterfaceOrientationPortrait UIInterfaceOrientationPortraitUpsideDown UIInterfaceOrientationLandscapeLeft UIInterfaceOrientationLandscapeRight";
				INFOPLIST_KEY_UISupportedInterfaceOrientations_iPhone = "UIInterfaceOrientationPortrait UIInterfaceOrientationLandscapeLeft UIInterfaceOrientationLandscapeRight";
				LD_RUNPATH_SEARCH_PATHS = (
					"$(inherited)",
					"@executable_path/Frameworks",
				);
				MARKETING_VERSION = 1.0;
				PRODUCT_BUNDLE_IDENTIFIER = com.sevvalmertoglu.MovieApp;
				PRODUCT_NAME = "$(TARGET_NAME)";
				SWIFT_EMIT_LOC_STRINGS = YES;
				SWIFT_VERSION = 5.0;
				TARGETED_DEVICE_FAMILY = "1,2";
			};
			name = Debug;
		};
		A9322C0B2C7F31CC0055E6C7 /* Release */ = {
			isa = XCBuildConfiguration;
			buildSettings = {
				ASSETCATALOG_COMPILER_APPICON_NAME = AppIcon;
				ASSETCATALOG_COMPILER_GLOBAL_ACCENT_COLOR_NAME = AccentColor;
				CODE_SIGN_STYLE = Automatic;
				CURRENT_PROJECT_VERSION = 1;
				DEVELOPMENT_ASSET_PATHS = "\"MovieApp/Preview Content\"";
				DEVELOPMENT_TEAM = 992MR6GDH5;
				ENABLE_PREVIEWS = YES;
				GENERATE_INFOPLIST_FILE = YES;
				INFOPLIST_KEY_UIApplicationSceneManifest_Generation = YES;
				INFOPLIST_KEY_UIApplicationSupportsIndirectInputEvents = YES;
				INFOPLIST_KEY_UILaunchScreen_Generation = YES;
				INFOPLIST_KEY_UISupportedInterfaceOrientations_iPad = "UIInterfaceOrientationPortrait UIInterfaceOrientationPortraitUpsideDown UIInterfaceOrientationLandscapeLeft UIInterfaceOrientationLandscapeRight";
				INFOPLIST_KEY_UISupportedInterfaceOrientations_iPhone = "UIInterfaceOrientationPortrait UIInterfaceOrientationLandscapeLeft UIInterfaceOrientationLandscapeRight";
				LD_RUNPATH_SEARCH_PATHS = (
					"$(inherited)",
					"@executable_path/Frameworks",
				);
				MARKETING_VERSION = 1.0;
				PRODUCT_BUNDLE_IDENTIFIER = com.sevvalmertoglu.MovieApp;
				PRODUCT_NAME = "$(TARGET_NAME)";
				SWIFT_EMIT_LOC_STRINGS = YES;
				SWIFT_VERSION = 5.0;
				TARGETED_DEVICE_FAMILY = "1,2";
			};
			name = Release;
		};
/* End XCBuildConfiguration section */

/* Begin XCConfigurationList section */
		A9322BF62C7F31CA0055E6C7 /* Build configuration list for PBXProject "MovieApp" */ = {
			isa = XCConfigurationList;
			buildConfigurations = (
				A9322C072C7F31CC0055E6C7 /* Debug */,
				A9322C082C7F31CC0055E6C7 /* Release */,
			);
			defaultConfigurationIsVisible = 0;
			defaultConfigurationName = Release;
		};
		A9322C092C7F31CC0055E6C7 /* Build configuration list for PBXNativeTarget "MovieApp" */ = {
			isa = XCConfigurationList;
			buildConfigurations = (
				A9322C0A2C7F31CC0055E6C7 /* Debug */,
				A9322C0B2C7F31CC0055E6C7 /* Release */,
			);
			defaultConfigurationIsVisible = 0;
			defaultConfigurationName = Release;
		};
/* End XCConfigurationList section */
	};
	rootObject = A9322BF32C7F31CA0055E6C7 /* Project object */;
}
